
Microsoft Visual Studio Solution File, Format Version 12.00
# Visual Studio Version 17
VisualStudioVersion = 17.5.002.0
MinimumVisualStudioVersion = 10.0.40219.1
Project("{9A19103F-16F7-4668-BE54-9A1E7A4F7556}") = "Oppgave_uke_1", "Oppgave_uke_1.csproj", "{9E1F7852-1827-4695-87E6-F355E6D6EBAC}"
EndProject
Global
	GlobalSection(SolutionConfigurationPlatforms) = preSolution
		Debug|Any CPU = Debug|Any CPU
		Release|Any CPU = Release|Any CPU
	EndGlobalSection
	GlobalSection(ProjectConfigurationPlatforms) = postSolution
		{9E1F7852-1827-4695-87E6-F355E6D6EBAC}.Debug|Any CPU.ActiveCfg = Debug|Any CPU
		{9E1F7852-1827-4695-87E6-F355E6D6EBAC}.Debug|Any CPU.Build.0 = Debug|Any CPU
		{9E1F7852-1827-4695-87E6-F355E6D6EBAC}.Release|Any CPU.ActiveCfg = Release|Any CPU
		{9E1F7852-1827-4695-87E6-F355E6D6EBAC}.Release|Any CPU.Build.0 = Release|Any CPU
	EndGlobalSection
	GlobalSection(SolutionProperties) = preSolution
		HideSolutionNode = FALSE
	EndGlobalSection
	GlobalSection(ExtensibilityGlobals) = postSolution
		SolutionGuid = {113FB750-B4E5-420F-A0C0-E08702439CF0}
	EndGlobalSection
EndGlobal
